// !$*UTF8*$!
{
	archiveVersion = 1;
	classes = {
	};
	objectVersion = 46;
	objects = {

/* Begin PBXBuildFile section */
		45AA490B1C0EDE340044F18C /* AppDelegate.swift in Sources */ = {isa = PBXBuildFile; fileRef = 45AA490A1C0EDE340044F18C /* AppDelegate.swift */; };
		45AA490D1C0EDE340044F18C /* ViewController.swift in Sources */ = {isa = PBXBuildFile; fileRef = 45AA490C1C0EDE340044F18C /* ViewController.swift */; };
		45AA49101C0EDE340044F18C /* Main.storyboard in Resources */ = {isa = PBXBuildFile; fileRef = 45AA490E1C0EDE340044F18C /* Main.storyboard */; };
		45AA49121C0EDE350044F18C /* Assets.xcassets in Resources */ = {isa = PBXBuildFile; fileRef = 45AA49111C0EDE350044F18C /* Assets.xcassets */; };
		45AA49151C0EDE350044F18C /* LaunchScreen.storyboard in Resources */ = {isa = PBXBuildFile; fileRef = 45AA49131C0EDE350044F18C /* LaunchScreen.storyboard */; };
		45AA49201C0EDE350044F18C /* Hello_WorldTests.swift in Sources */ = {isa = PBXBuildFile; fileRef = 45AA491F1C0EDE350044F18C /* Hello_WorldTests.swift */; };
		45AA492B1C0EDE350044F18C /* Hello_WorldUITests.swift in Sources */ = {isa = PBXBuildFile; fileRef = 45AA492A1C0EDE350044F18C /* Hello_WorldUITests.swift */; };
/* End PBXBuildFile section */

/* Begin PBXContainerItemProxy section */
		45AA491C1C0EDE350044F18C /* PBXContainerItemProxy */ = {
			isa = PBXContainerItemProxy;
			containerPortal = 45AA48FF1C0EDE340044F18C /* Project object */;
			proxyType = 1;
			remoteGlobalIDString = 45AA49061C0EDE340044F18C;
			remoteInfo = "Hello World";
		};
		45AA49271C0EDE350044F18C /* PBXContainerItemProxy */ = {
			isa = PBXContainerItemProxy;
			containerPortal = 45AA48FF1C0EDE340044F18C /* Project object */;
			proxyType = 1;
			remoteGlobalIDString = 45AA49061C0EDE340044F18C;
			remoteInfo = "Hello World";
		};
/* End PBXContainerItemProxy section */

/* Begin PBXFileReference section */
		45AA49071C0EDE340044F18C /* Hello World.app */ = {isa = PBXFileReference; explicitFileType = wrapper.application; includeInIndex = 0; path = "Hello World.app"; sourceTree = BUILT_PRODUCTS_DIR; };
		45AA490A1C0EDE340044F18C /* AppDelegate.swift */ = {isa = PBXFileReference; lastKnownFileType = sourcecode.swift; path = AppDelegate.swift; sourceTree = "<group>"; };
		45AA490C1C0EDE340044F18C /* ViewController.swift */ = {isa = PBXFileReference; lastKnownFileType = sourcecode.swift; path = ViewController.swift; sourceTree = "<group>"; };
		45AA490F1C0EDE340044F18C /* Base */ = {isa = PBXFileReference; lastKnownFileType = file.storyboard; name = Base; path = Base.lproj/Main.storyboard; sourceTree = "<group>"; };
		45AA49111C0EDE350044F18C /* Assets.xcassets */ = {isa = PBXFileReference; lastKnownFileType = folder.assetcatalog; path = Assets.xcassets; sourceTree = "<group>"; };
		45AA49141C0EDE350044F18C /* Base */ = {isa = PBXFileReference; lastKnownFileType = file.storyboard; name = Base; path = Base.lproj/LaunchScreen.storyboard; sourceTree = "<group>"; };
		45AA49161C0EDE350044F18C /* Info.plist */ = {isa = PBXFileReference; lastKnownFileType = text.plist.xml; path = Info.plist; sourceTree = "<group>"; };
		45AA491B1C0EDE350044F18C /* Hello WorldTests.xctest */ = {isa = PBXFileReference; explicitFileType = wrapper.cfbundle; includeInIndex = 0; path = "Hello WorldTests.xctest"; sourceTree = BUILT_PRODUCTS_DIR; };
		45AA491F1C0EDE350044F18C /* Hello_WorldTests.swift */ = {isa = PBXFileReference; lastKnownFileType = sourcecode.swift; path = Hello_WorldTests.swift; sourceTree = "<group>"; };
		45AA49211C0EDE350044F18C /* Info.plist */ = {isa = PBXFileReference; lastKnownFileType = text.plist.xml; path = Info.plist; sourceTree = "<group>"; };
		45AA49261C0EDE350044F18C /* Hello WorldUITests.xctest */ = {isa = PBXFileReference; explicitFileType = wrapper.cfbundle; includeInIndex = 0; path = "Hello WorldUITests.xctest"; sourceTree = BUILT_PRODUCTS_DIR; };
		45AA492A1C0EDE350044F18C /* Hello_WorldUITests.swift */ = {isa = PBXFileReference; lastKnownFileType = sourcecode.swift; path = Hello_WorldUITests.swift; sourceTree = "<group>"; };
		45AA492C1C0EDE350044F18C /* Info.plist */ = {isa = PBXFileReference; lastKnownFileType = text.plist.xml; path = Info.plist; sourceTree = "<group>"; };
/* End PBXFileReference section */

/* Begin PBXFrameworksBuildPhase section */
		45AA49041C0EDE340044F18C /* Frameworks */ = {
			isa = PBXFrameworksBuildPhase;
			buildActionMask = 2147483647;
			files = (
			);
			runOnlyForDeploymentPostprocessing = 0;
		};
		45AA49181C0EDE350044F18C /* Frameworks */ = {
			isa = PBXFrameworksBuildPhase;
			buildActionMask = 2147483647;
			files = (
			);
			runOnlyForDeploymentPostprocessing = 0;
		};
		45AA49231C0EDE350044F18C /* Frameworks */ = {
			isa = PBXFrameworksBuildPhase;
			buildActionMask = 2147483647;
			files = (
			);
			runOnlyForDeploymentPostprocessing = 0;
		};
/* End PBXFrameworksBuildPhase section */

/* Begin PBXGroup section */
		45AA48FE1C0EDE340044F18C = {
			isa = PBXGroup;
			children = (
				45AA49091C0EDE340044F18C /* Hello World */,
				45AA491E1C0EDE350044F18C /* Hello WorldTests */,
				45AA49291C0EDE350044F18C /* Hello WorldUITests */,
				45AA49081C0EDE340044F18C /* Products */,
			);
			sourceTree = "<group>";
		};
		45AA49081C0EDE340044F18C /* Products */ = {
			isa = PBXGroup;
			children = (
				45AA49071C0EDE340044F18C /* Hello World.app */,
				45AA491B1C0EDE350044F18C /* Hello WorldTests.xctest */,
				45AA49261C0EDE350044F18C /* Hello WorldUITests.xctest */,
			);
			name = Products;
			sourceTree = "<group>";
		};
		45AA49091C0EDE340044F18C /* Hello World */ = {
			isa = PBXGroup;
			children = (
				45AA490A1C0EDE340044F18C /* AppDelegate.swift */,
				45AA490C1C0EDE340044F18C /* ViewController.swift */,
				45AA490E1C0EDE340044F18C /* Main.storyboard */,
				45AA49111C0EDE350044F18C /* Assets.xcassets */,
				45AA49131C0EDE350044F18C /* LaunchScreen.storyboard */,
				45AA49161C0EDE350044F18C /* Info.plist */,
			);
			path = "Hello World";
			sourceTree = "<group>";
		};
		45AA491E1C0EDE350044F18C /* Hello WorldTests */ = {
			isa = PBXGroup;
			children = (
				45AA491F1C0EDE350044F18C /* Hello_WorldTests.swift */,
				45AA49211C0EDE350044F18C /* Info.plist */,
			);
			path = "Hello WorldTests";
			sourceTree = "<group>";
		};
		45AA49291C0EDE350044F18C /* Hello WorldUITests */ = {
			isa = PBXGroup;
			children = (
				45AA492A1C0EDE350044F18C /* Hello_WorldUITests.swift */,
				45AA492C1C0EDE350044F18C /* Info.plist */,
			);
			path = "Hello WorldUITests";
			sourceTree = "<group>";
		};
/* End PBXGroup section */

/* Begin PBXNativeTarget section */
		45AA49061C0EDE340044F18C /* Hello World */ = {
			isa = PBXNativeTarget;
			buildConfigurationList = 45AA492F1C0EDE350044F18C /* Build configuration list for PBXNativeTarget "Hello World" */;
			buildPhases = (
				45AA49031C0EDE340044F18C /* Sources */,
				45AA49041C0EDE340044F18C /* Frameworks */,
				45AA49051C0EDE340044F18C /* Resources */,
			);
			buildRules = (
			);
			dependencies = (
			);
			name = "Hello World";
			productName = "Hello World";
			productReference = 45AA49071C0EDE340044F18C /* Hello World.app */;
			productType = "com.apple.product-type.application";
		};
		45AA491A1C0EDE350044F18C /* Hello WorldTests */ = {
			isa = PBXNativeTarget;
			buildConfigurationList = 45AA49321C0EDE350044F18C /* Build configuration list for PBXNativeTarget "Hello WorldTests" */;
			buildPhases = (
				45AA49171C0EDE350044F18C /* Sources */,
				45AA49181C0EDE350044F18C /* Frameworks */,
				45AA49191C0EDE350044F18C /* Resources */,
			);
			buildRules = (
			);
			dependencies = (
				45AA491D1C0EDE350044F18C /* PBXTargetDependency */,
			);
			name = "Hello WorldTests";
			productName = "Hello WorldTests";
			productReference = 45AA491B1C0EDE350044F18C /* Hello WorldTests.xctest */;
			productType = "com.apple.product-type.bundle.unit-test";
		};
		45AA49251C0EDE350044F18C /* Hello WorldUITests */ = {
			isa = PBXNativeTarget;
			buildConfigurationList = 45AA49351C0EDE350044F18C /* Build configuration list for PBXNativeTarget "Hello WorldUITests" */;
			buildPhases = (
				45AA49221C0EDE350044F18C /* Sources */,
				45AA49231C0EDE350044F18C /* Frameworks */,
				45AA49241C0EDE350044F18C /* Resources */,
			);
			buildRules = (
			);
			dependencies = (
				45AA49281C0EDE350044F18C /* PBXTargetDependency */,
			);
			name = "Hello WorldUITests";
			productName = "Hello WorldUITests";
			productReference = 45AA49261C0EDE350044F18C /* Hello WorldUITests.xctest */;
			productType = "com.apple.product-type.bundle.ui-testing";
		};
/* End PBXNativeTarget section */

/* Begin PBXProject section */
		45AA48FF1C0EDE340044F18C /* Project object */ = {
			isa = PBXProject;
			attributes = {
				LastSwiftUpdateCheck = 0710;
				LastUpgradeCheck = 0710;
				ORGANIZATIONNAME = "Emanuele Bartolomucci";
				TargetAttributes = {
					45AA49061C0EDE340044F18C = {
						CreatedOnToolsVersion = 7.1.1;
					};
					45AA491A1C0EDE350044F18C = {
						CreatedOnToolsVersion = 7.1.1;
						TestTargetID = 45AA49061C0EDE340044F18C;
					};
					45AA49251C0EDE350044F18C = {
						CreatedOnToolsVersion = 7.1.1;
						TestTargetID = 45AA49061C0EDE340044F18C;
					};
				};
			};
			buildConfigurationList = 45AA49021C0EDE340044F18C /* Build configuration list for PBXProject "Hello World" */;
			compatibilityVersion = "Xcode 3.2";
			developmentRegion = English;
			hasScannedForEncodings = 0;
			knownRegions = (
				en,
				Base,
			);
			mainGroup = 45AA48FE1C0EDE340044F18C;
			productRefGroup = 45AA49081C0EDE340044F18C /* Products */;
			projectDirPath = "";
			projectRoot = "";
			targets = (
				45AA49061C0EDE340044F18C /* Hello World */,
				45AA491A1C0EDE350044F18C /* Hello WorldTests */,
				45AA49251C0EDE350044F18C /* Hello WorldUITests */,
			);
		};
/* End PBXProject section */

/* Begin PBXResourcesBuildPhase section */
		45AA49051C0EDE340044F18C /* Resources */ = {
			isa = PBXResourcesBuildPhase;
			buildActionMask = 2147483647;
			files = (
				45AA49151C0EDE350044F18C /* LaunchScreen.storyboard in Resources */,
				45AA49121C0EDE350044F18C /* Assets.xcassets in Resources */,
				45AA49101C0EDE340044F18C /* Main.storyboard in Resources */,
			);
			runOnlyForDeploymentPostprocessing = 0;
		};
		45AA49191C0EDE350044F18C /* Resources */ = {
			isa = PBXResourcesBuildPhase;
			buildActionMask = 2147483647;
			files = (
			);
			runOnlyForDeploymentPostprocessing = 0;
		};
		45AA49241C0EDE350044F18C /* Resources */ = {
			isa = PBXResourcesBuildPhase;
			buildActionMask = 2147483647;
			files = (
			);
			runOnlyForDeploymentPostprocessing = 0;
		};
/* End PBXResourcesBuildPhase section */

/* Begin PBXSourcesBuildPhase section */
		45AA49031C0EDE340044F18C /* Sources */ = {
			isa = PBXSourcesBuildPhase;
			buildActionMask = 2147483647;
			files = (
				45AA490D1C0EDE340044F18C /* ViewController.swift in Sources */,
				45AA490B1C0EDE340044F18C /* AppDelegate.swift in Sources */,
			);
			runOnlyForDeploymentPostprocessing = 0;
		};
		45AA49171C0EDE350044F18C /* Sources */ = {
			isa = PBXSourcesBuildPhase;
			buildActionMask = 2147483647;
			files = (
				45AA49201C0EDE350044F18C /* Hello_WorldTests.swift in Sources */,
			);
			runOnlyForDeploymentPostprocessing = 0;
		};
		45AA49221C0EDE350044F18C /* Sources */ = {
			isa = PBXSourcesBuildPhase;
			buildActionMask = 2147483647;
			files = (
				45AA492B1C0EDE350044F18C /* Hello_WorldUITests.swift in Sources */,
			);
			runOnlyForDeploymentPostprocessing = 0;
		};
/* End PBXSourcesBuildPhase section */

/* Begin PBXTargetDependency section */
		45AA491D1C0EDE350044F18C /* PBXTargetDependency */ = {
			isa = PBXTargetDependency;
			target = 45AA49061C0EDE340044F18C /* Hello World */;
			targetProxy = 45AA491C1C0EDE350044F18C /* PBXContainerItemProxy */;
		};
		45AA49281C0EDE350044F18C /* PBXTargetDependency */ = {
			isa = PBXTargetDependency;
			target = 45AA49061C0EDE340044F18C /* Hello World */;
			targetProxy = 45AA49271C0EDE350044F18C /* PBXContainerItemProxy */;
		};
/* End PBXTargetDependency section */

/* Begin PBXVariantGroup section */
		45AA490E1C0EDE340044F18C /* Main.storyboard */ = {
			isa = PBXVariantGroup;
			children = (
				45AA490F1C0EDE340044F18C /* Base */,
			);
			name = Main.storyboard;
			sourceTree = "<group>";
		};
		45AA49131C0EDE350044F18C /* LaunchScreen.storyboard */ = {
			isa = PBXVariantGroup;
			children = (
				45AA49141C0EDE350044F18C /* Base */,
			);
			name = LaunchScreen.storyboard;
			sourceTree = "<group>";
		};
/* End PBXVariantGroup section */

/* Begin XCBuildConfiguration section */
		45AA492D1C0EDE350044F18C /* Debug */ = {
			isa = XCBuildConfiguration;
			buildSettings = {
				ALWAYS_SEARCH_USER_PATHS = NO;
				CLANG_CXX_LANGUAGE_STANDARD = "gnu++0x";
				CLANG_CXX_LIBRARY = "libc++";
				CLANG_ENABLE_MODULES = YES;
				CLANG_ENABLE_OBJC_ARC = YES;
				CLANG_WARN_BOOL_CONVERSION = YES;
				CLANG_WARN_CONSTANT_CONVERSION = YES;
				CLANG_WARN_DIRECT_OBJC_ISA_USAGE = YES_ERROR;
				CLANG_WARN_EMPTY_BODY = YES;
				CLANG_WARN_ENUM_CONVERSION = YES;
				CLANG_WARN_INT_CONVERSION = YES;
				CLANG_WARN_OBJC_ROOT_CLASS = YES_ERROR;
				CLANG_WARN_UNREACHABLE_CODE = YES;
				CLANG_WARN__DUPLICATE_METHOD_MATCH = YES;
				"CODE_SIGN_IDENTITY[sdk=iphoneos*]" = "iPhone Developer";
				COPY_PHASE_STRIP = NO;
				DEBUG_INFORMATION_FORMAT = dwarf;
				ENABLE_STRICT_OBJC_MSGSEND = YES;
				ENABLE_TESTABILITY = YES;
				GCC_C_LANGUAGE_STANDARD = gnu99;
				GCC_DYNAMIC_NO_PIC = NO;
				GCC_NO_COMMON_BLOCKS = YES;
				GCC_OPTIMIZATION_LEVEL = 0;
				GCC_PREPROCESSOR_DEFINITIONS = (
					"DEBUG=1",
					"$(inherited)",
				);
				GCC_WARN_64_TO_32_BIT_CONVERSION = YES;
				GCC_WARN_ABOUT_RETURN_TYPE = YES_ERROR;
				GCC_WARN_UNDECLARED_SELECTOR = YES;
				GCC_WARN_UNINITIALIZED_AUTOS = YES_AGGRESSIVE;
				GCC_WARN_UNUSED_FUNCTION = YES;
				GCC_WARN_UNUSED_VARIABLE = YES;
				IPHONEOS_DEPLOYMENT_TARGET = 9.1;
				MTL_ENABLE_DEBUG_INFO = YES;
				ONLY_ACTIVE_ARCH = YES;
				SDKROOT = iphoneos;
				SWIFT_OPTIMIZATION_LEVEL = "-Onone";
				TARGETED_DEVICE_FAMILY = "1,2";
			};
			name = Debug;
		};
		45AA492E1C0EDE350044F18C /* Release */ = {
			isa = XCBuildConfiguration;
			buildSettings = {
				ALWAYS_SEARCH_USER_PATHS = NO;
				CLANG_CXX_LANGUAGE_STANDARD = "gnu++0x";
				CLANG_CXX_LIBRARY = "libc++";
				CLANG_ENABLE_MODULES = YES;
				CLANG_ENABLE_OBJC_ARC = YES;
				CLANG_WARN_BOOL_CONVERSION = YES;
				CLANG_WARN_CONSTANT_CONVERSION = YES;
				CLANG_WARN_DIRECT_OBJC_ISA_USAGE = YES_ERROR;
				CLANG_WARN_EMPTY_BODY = YES;
				CLANG_WARN_ENUM_CONVERSION = YES;
				CLANG_WARN_INT_CONVERSION = YES;
				CLANG_WARN_OBJC_ROOT_CLASS = YES_ERROR;
				CLANG_WARN_UNREACHABLE_CODE = YES;
				CLANG_WARN__DUPLICATE_METHOD_MATCH = YES;
				"CODE_SIGN_IDENTITY[sdk=iphoneos*]" = "iPhone Developer";
				COPY_PHASE_STRIP = NO;
				DEBUG_INFORMATION_FORMAT = "dwarf-with-dsym";
				ENABLE_NS_ASSERTIONS = NO;
				ENABLE_STRICT_OBJC_MSGSEND = YES;
				GCC_C_LANGUAGE_STANDARD = gnu99;
				GCC_NO_COMMON_BLOCKS = YES;
				GCC_WARN_64_TO_32_BIT_CONVERSION = YES;
				GCC_WARN_ABOUT_RETURN_TYPE = YES_ERROR;
				GCC_WARN_UNDECLARED_SELECTOR = YES;
				GCC_WARN_UNINITIALIZED_AUTOS = YES_AGGRESSIVE;
				GCC_WARN_UNUSED_FUNCTION = YES;
				GCC_WARN_UNUSED_VARIABLE = YES;
				IPHONEOS_DEPLOYMENT_TARGET = 9.1;
				MTL_ENABLE_DEBUG_INFO = NO;
				SDKROOT = iphoneos;
				TARGETED_DEVICE_FAMILY = "1,2";
				VALIDATE_PRODUCT = YES;
			};
			name = Release;
		};
		45AA49301C0EDE350044F18C /* Debug */ = {
			isa = XCBuildConfiguration;
			buildSettings = {
				ASSETCATALOG_COMPILER_APPICON_NAME = AppIcon;
				INFOPLIST_FILE = "Hello World/Info.plist";
				LD_RUNPATH_SEARCH_PATHS = "$(inherited) @executable_path/Frameworks";
				PRODUCT_BUNDLE_IDENTIFIER = "com.emanuelebartolomucci.Hello-World";
				PRODUCT_NAME = "$(TARGET_NAME)";
			};
			name = Debug;
		};
		45AA49311C0EDE350044F18C /* Release */ = {
			isa = XCBuildConfiguration;
			buildSettings = {
				ASSETCATALOG_COMPILER_APPICON_NAME = AppIcon;
				INFOPLIST_FILE = "Hello World/Info.plist";
				LD_RUNPATH_SEARCH_PATHS = "$(inherited) @executable_path/Frameworks";
				PRODUCT_BUNDLE_IDENTIFIER = "com.emanuelebartolomucci.Hello-World";
				PRODUCT_NAME = "$(TARGET_NAME)";
			};
			name = Release;
		};
		45AA49331C0EDE350044F18C /* Debug */ = {
			isa = XCBuildConfiguration;
			buildSettings = {
				BUNDLE_LOADER = "$(TEST_HOST)";
				INFOPLIST_FILE = "Hello WorldTests/Info.plist";
				LD_RUNPATH_SEARCH_PATHS = "$(inherited) @executable_path/Frameworks @loader_path/Frameworks";
				PRODUCT_BUNDLE_IDENTIFIER = "com.emanuelebartolomucci.Hello-WorldTests";
				PRODUCT_NAME = "$(TARGET_NAME)";
				TEST_HOST = "$(BUILT_PRODUCTS_DIR)/Hello World.app/Hello World";
			};
			name = Debug;
		};
		45AA49341C0EDE350044F18C /* Release */ = {
			isa = XCBuildConfiguration;
			buildSettings = {
				BUNDLE_LOADER = "$(TEST_HOST)";
				INFOPLIST_FILE = "Hello WorldTests/Info.plist";
				LD_RUNPATH_SEARCH_PATHS = "$(inherited) @executable_path/Frameworks @loader_path/Frameworks";
				PRODUCT_BUNDLE_IDENTIFIER = "com.emanuelebartolomucci.Hello-WorldTests";
				PRODUCT_NAME = "$(TARGET_NAME)";
				TEST_HOST = "$(BUILT_PRODUCTS_DIR)/Hello World.app/Hello World";
			};
			name = Release;
		};
		45AA49361C0EDE350044F18C /* Debug */ = {
			isa = XCBuildConfiguration;
			buildSettings = {
				INFOPLIST_FILE = "Hello WorldUITests/Info.plist";
				LD_RUNPATH_SEARCH_PATHS = "$(inherited) @executable_path/Frameworks @loader_path/Frameworks";
				PRODUCT_BUNDLE_IDENTIFIER = "com.emanuelebartolomucci.Hello-WorldUITests";
				PRODUCT_NAME = "$(TARGET_NAME)";
				TEST_TARGET_NAME = "Hello World";
				USES_XCTRUNNER = YES;
			};
			name = Debug;
		};
		45AA49371C0EDE350044F18C /* Release */ = {
			isa = XCBuildConfiguration;
			buildSettings = {
				INFOPLIST_FILE = "Hello WorldUITests/Info.plist";
				LD_RUNPATH_SEARCH_PATHS = "$(inherited) @executable_path/Frameworks @loader_path/Frameworks";
				PRODUCT_BUNDLE_IDENTIFIER = "com.emanuelebartolomucci.Hello-WorldUITests";
				PRODUCT_NAME = "$(TARGET_NAME)";
				TEST_TARGET_NAME = "Hello World";
				USES_XCTRUNNER = YES;
			};
			name = Release;
		};
/* End XCBuildConfiguration section */

/* Begin XCConfigurationList section */
		45AA49021C0EDE340044F18C /* Build configuration list for PBXProject "Hello World" */ = {
			isa = XCConfigurationList;
			buildConfigurations = (
				45AA492D1C0EDE350044F18C /* Debug */,
				45AA492E1C0EDE350044F18C /* Release */,
			);
			defaultConfigurationIsVisible = 0;
			defaultConfigurationName = Release;
		};
		45AA492F1C0EDE350044F18C /* Build configuration list for PBXNativeTarget "Hello World" */ = {
			isa = XCConfigurationList;
			buildConfigurations = (
				45AA49301C0EDE350044F18C /* Debug */,
				45AA49311C0EDE350044F18C /* Release */,
			);
			defaultConfigurationIsVisible = 0;
		};
		45AA49321C0EDE350044F18C /* Build configuration list for PBXNativeTarget "Hello WorldTests" */ = {
			isa = XCConfigurationList;
			buildConfigurations = (
				45AA49331C0EDE350044F18C /* Debug */,
				45AA49341C0EDE350044F18C /* Release */,
			);
			defaultConfigurationIsVisible = 0;
		};
		45AA49351C0EDE350044F18C /* Build configuration list for PBXNativeTarget "Hello WorldUITests" */ = {
			isa = XCConfigurationList;
			buildConfigurations = (
				45AA49361C0EDE350044F18C /* Debug */,
				45AA49371C0EDE350044F18C /* Release */,
			);
			defaultConfigurationIsVisible = 0;
		};
/* End XCConfigurationList section */
	};
	rootObject = 45AA48FF1C0EDE340044F18C /* Project object */;
}
